
Microsoft Visual Studio Solution File, Format Version 12.00
# Visual Studio Version 17
VisualStudioVersion = 17.9.34607.119
MinimumVisualStudioVersion = 10.0.40219.1
Project("{FAE04EC0-301F-11D3-BF4B-00C04F79EFBC}") = "Deck of Cards Lab", "Deck of Cards Lab\Deck of Cards Lab.csproj", "{16204475-4126-4C35-9542-45F7CB5B5593}"
EndProject
Global
	GlobalSection(SolutionConfigurationPlatforms) = preSolution
		Debug|Any CPU = Debug|Any CPU
		Release|Any CPU = Release|Any CPU
	EndGlobalSection
	GlobalSection(ProjectConfigurationPlatforms) = postSolution
		{16204475-4126-4C35-9542-45F7CB5B5593}.Debug|Any CPU.ActiveCfg = Debug|Any CPU
		{16204475-4126-4C35-9542-45F7CB5B5593}.Debug|Any CPU.Build.0 = Debug|Any CPU
		{16204475-4126-4C35-9542-45F7CB5B5593}.Release|Any CPU.ActiveCfg = Release|Any CPU
		{16204475-4126-4C35-9542-45F7CB5B5593}.Release|Any CPU.Build.0 = Release|Any CPU
	EndGlobalSection
	GlobalSection(SolutionProperties) = preSolution
		HideSolutionNode = FALSE
	EndGlobalSection
	GlobalSection(ExtensibilityGlobals) = postSolution
		SolutionGuid = {00BF4159-1C12-4CE1-B95A-E126E956CCE2}
	EndGlobalSection
EndGlobal
